
Microsoft Visual Studio Solution File, Format Version 12.00
# Visual Studio Version 16
VisualStudioVersion = 16.0.31911.196
MinimumVisualStudioVersion = 10.0.40219.1
Project("{FAE04EC0-301F-11D3-BF4B-00C04F79EFBC}") = "Pb13", "Pb13\Pb13.csproj", "{A31AA083-83D4-4F74-B806-251CC70C616C}"
EndProject
Global
	GlobalSection(SolutionConfigurationPlatforms) = preSolution
		Debug|Any CPU = Debug|Any CPU
		Release|Any CPU = Release|Any CPU
	EndGlobalSection
	GlobalSection(ProjectConfigurationPlatforms) = postSolution
		{A31AA083-83D4-4F74-B806-251CC70C616C}.Debug|Any CPU.ActiveCfg = Debug|Any CPU
		{A31AA083-83D4-4F74-B806-251CC70C616C}.Debug|Any CPU.Build.0 = Debug|Any CPU
		{A31AA083-83D4-4F74-B806-251CC70C616C}.Release|Any CPU.ActiveCfg = Release|Any CPU
		{A31AA083-83D4-4F74-B806-251CC70C616C}.Release|Any CPU.Build.0 = Release|Any CPU
	EndGlobalSection
	GlobalSection(SolutionProperties) = preSolution
		HideSolutionNode = FALSE
	EndGlobalSection
	GlobalSection(ExtensibilityGlobals) = postSolution
		SolutionGuid = {E1F65EB4-66F9-4AB7-BAED-2DD53E652A23}
	EndGlobalSection
EndGlobal
